
Microsoft Visual Studio Solution File, Format Version 12.00
Project("{FAE04EC0-301F-11D3-BF4B-00C04F79EFBC}") = "KazooDotNet.Utils", "Source/KazooDotNet.Utils.csproj", "{AB223981-67FC-4FF0-8F00-2067D9E85850}"
EndProject
Project("{FAE04EC0-301F-11D3-BF4B-00C04F79EFBC}") = "Tests", "Tests\Tests.csproj", "{0B4C6ABC-EE33-4AD0-97D0-486B7BE5D14A}"
EndProject
Global
	GlobalSection(SolutionConfigurationPlatforms) = preSolution
		Debug|Any CPU = Debug|Any CPU
		Release|Any CPU = Release|Any CPU
	EndGlobalSection
	GlobalSection(ProjectConfigurationPlatforms) = postSolution
		{AB223981-67FC-4FF0-8F00-2067D9E85850}.Debug|Any CPU.ActiveCfg = Debug|Any CPU
		{AB223981-67FC-4FF0-8F00-2067D9E85850}.Debug|Any CPU.Build.0 = Debug|Any CPU
		{AB223981-67FC-4FF0-8F00-2067D9E85850}.Release|Any CPU.ActiveCfg = Release|Any CPU
		{AB223981-67FC-4FF0-8F00-2067D9E85850}.Release|Any CPU.Build.0 = Release|Any CPU
		{0B4C6ABC-EE33-4AD0-97D0-486B7BE5D14A}.Debug|Any CPU.ActiveCfg = Debug|Any CPU
		{0B4C6ABC-EE33-4AD0-97D0-486B7BE5D14A}.Debug|Any CPU.Build.0 = Debug|Any CPU
		{0B4C6ABC-EE33-4AD0-97D0-486B7BE5D14A}.Release|Any CPU.ActiveCfg = Release|Any CPU
		{0B4C6ABC-EE33-4AD0-97D0-486B7BE5D14A}.Release|Any CPU.Build.0 = Release|Any CPU
	EndGlobalSection
EndGlobal
